
Microsoft Visual Studio Solution File, Format Version 12.00
# Visual Studio Version 17
VisualStudioVersion = 17.4.33110.190
MinimumVisualStudioVersion = 10.0.40219.1
Project("{FAE04EC0-301F-11D3-BF4B-00C04F79EFBC}") = "Project.Domain", "Project.Domain\Project.Domain.csproj", "{44C997CB-5747-4905-B9A7-CA632D33BF1A}"
EndProject
Project("{FAE04EC0-301F-11D3-BF4B-00C04F79EFBC}") = "Project.Repositary", "Project.Repositary\Project.Repositary.csproj", "{5329DB82-9A29-478A-AB0A-893D27809CC4}"
EndProject
Project("{FAE04EC0-301F-11D3-BF4B-00C04F79EFBC}") = "Project.Services", "Project.Services\Project.Services.csproj", "{345FC474-D1C4-4DE4-A7B8-B40E2C17B763}"
EndProject
Project("{FAE04EC0-301F-11D3-BF4B-00C04F79EFBC}") = "Project.WebAPICore", "Project.WebAPICore\Project.WebAPICore.csproj", "{AADA1FF8-BC5C-4836-A114-C29754FB2752}"
EndProject
Global
	GlobalSection(SolutionConfigurationPlatforms) = preSolution
		Debug|Any CPU = Debug|Any CPU
		Release|Any CPU = Release|Any CPU
	EndGlobalSection
	GlobalSection(ProjectConfigurationPlatforms) = postSolution
		{44C997CB-5747-4905-B9A7-CA632D33BF1A}.Debug|Any CPU.ActiveCfg = Debug|Any CPU
		{44C997CB-5747-4905-B9A7-CA632D33BF1A}.Debug|Any CPU.Build.0 = Debug|Any CPU
		{44C997CB-5747-4905-B9A7-CA632D33BF1A}.Release|Any CPU.ActiveCfg = Release|Any CPU
		{44C997CB-5747-4905-B9A7-CA632D33BF1A}.Release|Any CPU.Build.0 = Release|Any CPU
		{5329DB82-9A29-478A-AB0A-893D27809CC4}.Debug|Any CPU.ActiveCfg = Debug|Any CPU
		{5329DB82-9A29-478A-AB0A-893D27809CC4}.Debug|Any CPU.Build.0 = Debug|Any CPU
		{5329DB82-9A29-478A-AB0A-893D27809CC4}.Release|Any CPU.ActiveCfg = Release|Any CPU
		{5329DB82-9A29-478A-AB0A-893D27809CC4}.Release|Any CPU.Build.0 = Release|Any CPU
		{345FC474-D1C4-4DE4-A7B8-B40E2C17B763}.Debug|Any CPU.ActiveCfg = Debug|Any CPU
		{345FC474-D1C4-4DE4-A7B8-B40E2C17B763}.Debug|Any CPU.Build.0 = Debug|Any CPU
		{345FC474-D1C4-4DE4-A7B8-B40E2C17B763}.Release|Any CPU.ActiveCfg = Release|Any CPU
		{345FC474-D1C4-4DE4-A7B8-B40E2C17B763}.Release|Any CPU.Build.0 = Release|Any CPU
		{AADA1FF8-BC5C-4836-A114-C29754FB2752}.Debug|Any CPU.ActiveCfg = Debug|Any CPU
		{AADA1FF8-BC5C-4836-A114-C29754FB2752}.Debug|Any CPU.Build.0 = Debug|Any CPU
		{AADA1FF8-BC5C-4836-A114-C29754FB2752}.Release|Any CPU.ActiveCfg = Release|Any CPU
		{AADA1FF8-BC5C-4836-A114-C29754FB2752}.Release|Any CPU.Build.0 = Release|Any CPU
	EndGlobalSection
	GlobalSection(SolutionProperties) = preSolution
		HideSolutionNode = FALSE
	EndGlobalSection
	GlobalSection(ExtensibilityGlobals) = postSolution
		SolutionGuid = {86A1B7BE-C013-476F-84DD-210FAB7DBD8A}
	EndGlobalSection
EndGlobal
